schema: '2.0'
stages:
  train:
    cmd: python src/main/scripts/train.py data/preprocess
    deps:
    - path: ./src/main/scripts/train.py
      md5: a7e10e98501f41ea0604f132dbe318a0
      size: 1576
    - path: data/preprocess
      md5: 9bfe46d8fb34c6b8bd563371774ade36.dir
      size: 41177238
      nfiles: 1
    params:
      params.yaml:
        train.n_estimators: 2
    outs:
    - path: data/test
      md5: f0129c39bb03ca1cacf11429d4c87f4d.dir
      size: 13588102
      nfiles: 1
    - path: model.pkl
      md5: 49e2b1e760574b8d683e6b63cec02e2f
      size: 75812015
  evaluation:
    cmd: python src/main/scripts/evaluation.py model.pkl data/test
    deps:
    - path: ./src/main/scripts/evaluation.py
      md5: 9f4b39e2ac58537c56de2f44be14707e
      size: 1553
    - path: data/test
      md5: f0129c39bb03ca1cacf11429d4c87f4d.dir
      size: 13588102
      nfiles: 1
    - path: model.pkl
      md5: 49e2b1e760574b8d683e6b63cec02e2f
      size: 75812015
    outs:
    - path: evaluation.json
      md5: 4e0fadbd1475543f0fa8bc0a2be09a54
      size: 94
  preprocess:
    cmd: python src/main/scripts/preprocess.py data/test
    deps:
    - path: ./data/train.csv
      md5: aafe87608f9b45b72a2be501feeb5732
      size: 31292871
    - path: ./src/main/scripts/preprocess.py
      md5: 0d49b2bbe5d31f248a2375d5a8cc239c
      size: 3659
    params:
      params.yaml:
        preprocess.pca.n_components: 2
    outs:
    - path: data/preprocess
      md5: 9bfe46d8fb34c6b8bd563371774ade36.dir
      size: 41177238
      nfiles: 1
