schema: '2.0'
stages:
  train:
    cmd: python src/main/scripts/train.py data/preprocess
    deps:
    - path: ./src/main/scripts/train.py
      md5: 9dcc75f85d25f12a54d33ed489a427e6
      size: 1408
    - path: data/preprocess
      md5: 9bfe46d8fb34c6b8bd563371774ade36.dir
      size: 41177238
      nfiles: 1
    outs:
    - path: data/test
      md5: f0129c39bb03ca1cacf11429d4c87f4d.dir
      size: 13588102
      nfiles: 1
    - path: model.pkl
      md5: ecce6bdeac2b56b022a18711c0c07f59
      size: 1934
  evaluation:
    cmd: python src/main/scripts/evaluation.py model.pkl data/test
    deps:
    - path: ./src/main/scripts/evaluation.py
      md5: 7ecab07a517acc4ffb28edd1897d34a1
      size: 1565
    - path: data/test
      md5: f0129c39bb03ca1cacf11429d4c87f4d.dir
      size: 13588102
      nfiles: 1
    - path: model.pkl
      md5: ecce6bdeac2b56b022a18711c0c07f59
      size: 1934
    outs:
    - path: evaluation.json
      md5: e5785652fc1b393c6fa6e92cbd9e6104
      size: 91
    - path: metrics.txt
      md5: d6409a6f5f4adea0a86b42b655375067
      size: 118
    - path: plot.png
      md5: 981fb30a2de66aaae0a898ba727e8856
      size: 7990
  preprocess:
    cmd: python src/main/scripts/preprocess.py data/test
    deps:
    - path: ./data/train.csv
      md5: aafe87608f9b45b72a2be501feeb5732
      size: 31292871
    - path: ./src/main/scripts/preprocess.py
      md5: 0d49b2bbe5d31f248a2375d5a8cc239c
      size: 3659
    params:
      params.yaml:
        preprocess.pca.n_components: 4
    outs:
    - path: data/preprocess
      md5: 9bfe46d8fb34c6b8bd563371774ade36.dir
      size: 41177238
      nfiles: 1
